
Microsoft Visual Studio Solution File, Format Version 12.00
# Visual Studio Version 17
VisualStudioVersion = 17.6.33815.320
MinimumVisualStudioVersion = 10.0.40219.1
Project("{778DAE3C-4631-46EA-AA77-85C1314464D9}") = "ModelBase", "ModelBase.vbproj", "{B92C3D8A-76DA-424F-9921-47476D76752D}"
	ProjectSection(ProjectDependencies) = postProject
		{9DCE2960-835C-4462-849A-58FB0900920B} = {9DCE2960-835C-4462-849A-58FB0900920B}
		{A40572FB-31D0-461D-8581-E73A854E246C} = {A40572FB-31D0-461D-8581-E73A854E246C}
	EndProjectSection
EndProject
Project("{F184B08F-C81C-45F6-A57F-5ABD9991F28F}") = "HYDROC01", "..\HYDROC01\HYDROC01\HYDROC01.vbproj", "{9DCE2960-835C-4462-849A-58FB0900920B}"
EndProject
Project("{FAE04EC0-301F-11D3-BF4B-00C04F79EFBC}") = "HYDROC02", "..\HYDROC02\HYDROC02.csproj", "{A40572FB-31D0-461D-8581-E73A854E246C}"
EndProject
Global
	GlobalSection(SolutionConfigurationPlatforms) = preSolution
		Debug|Any CPU = Debug|Any CPU
		Debug|x64 = Debug|x64
		Debug|x86 = Debug|x86
		Release|Any CPU = Release|Any CPU
		Release|x64 = Release|x64
		Release|x86 = Release|x86
	EndGlobalSection
	GlobalSection(ProjectConfigurationPlatforms) = postSolution
		{B92C3D8A-76DA-424F-9921-47476D76752D}.Debug|Any CPU.ActiveCfg = Debug|Any CPU
		{B92C3D8A-76DA-424F-9921-47476D76752D}.Debug|Any CPU.Build.0 = Debug|Any CPU
		{B92C3D8A-76DA-424F-9921-47476D76752D}.Debug|x64.ActiveCfg = Debug|Any CPU
		{B92C3D8A-76DA-424F-9921-47476D76752D}.Debug|x64.Build.0 = Debug|Any CPU
		{B92C3D8A-76DA-424F-9921-47476D76752D}.Debug|x86.ActiveCfg = Debug|Any CPU
		{B92C3D8A-76DA-424F-9921-47476D76752D}.Debug|x86.Build.0 = Debug|Any CPU
		{B92C3D8A-76DA-424F-9921-47476D76752D}.Release|Any CPU.ActiveCfg = Release|Any CPU
		{B92C3D8A-76DA-424F-9921-47476D76752D}.Release|Any CPU.Build.0 = Release|Any CPU
		{B92C3D8A-76DA-424F-9921-47476D76752D}.Release|x64.ActiveCfg = Release|Any CPU
		{B92C3D8A-76DA-424F-9921-47476D76752D}.Release|x64.Build.0 = Release|Any CPU
		{B92C3D8A-76DA-424F-9921-47476D76752D}.Release|x86.ActiveCfg = Release|Any CPU
		{B92C3D8A-76DA-424F-9921-47476D76752D}.Release|x86.Build.0 = Release|Any CPU
		{9DCE2960-835C-4462-849A-58FB0900920B}.Debug|Any CPU.ActiveCfg = Debug|Any CPU
		{9DCE2960-835C-4462-849A-58FB0900920B}.Debug|Any CPU.Build.0 = Debug|Any CPU
		{9DCE2960-835C-4462-849A-58FB0900920B}.Debug|x64.ActiveCfg = Debug|x64
		{9DCE2960-835C-4462-849A-58FB0900920B}.Debug|x64.Build.0 = Debug|x64
		{9DCE2960-835C-4462-849A-58FB0900920B}.Debug|x86.ActiveCfg = Debug|x86
		{9DCE2960-835C-4462-849A-58FB0900920B}.Debug|x86.Build.0 = Debug|x86
		{9DCE2960-835C-4462-849A-58FB0900920B}.Release|Any CPU.ActiveCfg = Release|Any CPU
		{9DCE2960-835C-4462-849A-58FB0900920B}.Release|Any CPU.Build.0 = Release|Any CPU
		{9DCE2960-835C-4462-849A-58FB0900920B}.Release|x64.ActiveCfg = Release|x64
		{9DCE2960-835C-4462-849A-58FB0900920B}.Release|x64.Build.0 = Release|x64
		{9DCE2960-835C-4462-849A-58FB0900920B}.Release|x86.ActiveCfg = Release|x86
		{9DCE2960-835C-4462-849A-58FB0900920B}.Release|x86.Build.0 = Release|x86
		{A40572FB-31D0-461D-8581-E73A854E246C}.Debug|Any CPU.ActiveCfg = Debug|Any CPU
		{A40572FB-31D0-461D-8581-E73A854E246C}.Debug|Any CPU.Build.0 = Debug|Any CPU
		{A40572FB-31D0-461D-8581-E73A854E246C}.Debug|x64.ActiveCfg = Debug|x64
		{A40572FB-31D0-461D-8581-E73A854E246C}.Debug|x64.Build.0 = Debug|x64
		{A40572FB-31D0-461D-8581-E73A854E246C}.Debug|x86.ActiveCfg = Debug|x86
		{A40572FB-31D0-461D-8581-E73A854E246C}.Debug|x86.Build.0 = Debug|x86
		{A40572FB-31D0-461D-8581-E73A854E246C}.Release|Any CPU.ActiveCfg = Release|Any CPU
		{A40572FB-31D0-461D-8581-E73A854E246C}.Release|Any CPU.Build.0 = Release|Any CPU
		{A40572FB-31D0-461D-8581-E73A854E246C}.Release|x64.ActiveCfg = Release|x64
		{A40572FB-31D0-461D-8581-E73A854E246C}.Release|x64.Build.0 = Release|x64
		{A40572FB-31D0-461D-8581-E73A854E246C}.Release|x86.ActiveCfg = Release|x86
		{A40572FB-31D0-461D-8581-E73A854E246C}.Release|x86.Build.0 = Release|x86
	EndGlobalSection
	GlobalSection(SolutionProperties) = preSolution
		HideSolutionNode = FALSE
	EndGlobalSection
	GlobalSection(ExtensibilityGlobals) = postSolution
		SolutionGuid = {DF3406A9-4BAB-4358-97AA-C393D5FA4494}
	EndGlobalSection
EndGlobal
